
Microsoft Visual Studio Solution File, Format Version 12.00
# Visual Studio Version 17
VisualStudioVersion = 17.2.32616.157
MinimumVisualStudioVersion = 10.0.40219.1
Project("{FAE04EC0-301F-11D3-BF4B-00C04F79EFBC}") = "Cproject", "Cproject\Cproject.csproj", "{7DF8A222-E3E1-4CB9-8703-AC4C7583E58D}"
EndProject
Global
	GlobalSection(SolutionConfigurationPlatforms) = preSolution
		Debug|Any CPU = Debug|Any CPU
		Release|Any CPU = Release|Any CPU
	EndGlobalSection
	GlobalSection(ProjectConfigurationPlatforms) = postSolution
		{7DF8A222-E3E1-4CB9-8703-AC4C7583E58D}.Debug|Any CPU.ActiveCfg = Debug|Any CPU
		{7DF8A222-E3E1-4CB9-8703-AC4C7583E58D}.Debug|Any CPU.Build.0 = Debug|Any CPU
		{7DF8A222-E3E1-4CB9-8703-AC4C7583E58D}.Release|Any CPU.ActiveCfg = Release|Any CPU
		{7DF8A222-E3E1-4CB9-8703-AC4C7583E58D}.Release|Any CPU.Build.0 = Release|Any CPU
	EndGlobalSection
	GlobalSection(SolutionProperties) = preSolution
		HideSolutionNode = FALSE
	EndGlobalSection
	GlobalSection(ExtensibilityGlobals) = postSolution
		SolutionGuid = {4ADCF46A-788A-4B83-8984-0D1B4BDEE05F}
	EndGlobalSection
EndGlobal
